{
  "name": "stk-standard",
  "version": "1.0.0",
  "lockfileVersion": 3,
  "requires": true,
  "packages": {
    "": {
      "name": "stk-standard",
      "version": "1.0.0",
      "dependencies": {
        "@stk/domain": "^0.0.8"
      }
    },
    "../stk-ws-ui/dist/stk-ui-wbc/browser": {
      "name": "@stk/wbc",
      "version": "1.0.0",
      "extraneous": true
    },
    "node_modules/@stk/domain": {
      "version": "0.0.8",
      "resolved": "http://localhost:4873/@stk/domain/-/domain-0.0.8.tgz",
      "integrity": "sha512-A1YDCDjifBVxZob1Skz2LtXqf2qJY+yZX22i7rD9XRyzYfr+ZKfe6ds5333LXpkaUF0KjOPNPQncsfJh1ZAk6A=="
    }
  }
}
